
Microsoft Visual Studio Solution File, Format Version 12.00
# Visual Studio 15
VisualStudioVersion = 15.0.27004.2009
MinimumVisualStudioVersion = 10.0.40219.1
Project("{FAE04EC0-301F-11D3-BF4B-00C04F79EFBC}") = "SyntaxAnalyzerWithGUI", "SyntaxAnalyzerWithGUI\SyntaxAnalyzerWithGUI.csproj", "{0149CC8D-CA98-403B-A073-DBA5A328B579}"
EndProject
Global
	GlobalSection(SolutionConfigurationPlatforms) = preSolution
		Debug|Any CPU = Debug|Any CPU
		Release|Any CPU = Release|Any CPU
	EndGlobalSection
	GlobalSection(ProjectConfigurationPlatforms) = postSolution
		{0149CC8D-CA98-403B-A073-DBA5A328B579}.Debug|Any CPU.ActiveCfg = Debug|Any CPU
		{0149CC8D-CA98-403B-A073-DBA5A328B579}.Debug|Any CPU.Build.0 = Debug|Any CPU
		{0149CC8D-CA98-403B-A073-DBA5A328B579}.Release|Any CPU.ActiveCfg = Release|Any CPU
		{0149CC8D-CA98-403B-A073-DBA5A328B579}.Release|Any CPU.Build.0 = Release|Any CPU
	EndGlobalSection
	GlobalSection(SolutionProperties) = preSolution
		HideSolutionNode = FALSE
	EndGlobalSection
	GlobalSection(ExtensibilityGlobals) = postSolution
		SolutionGuid = {624949CD-3665-4AE8-8D35-591E08E498C3}
	EndGlobalSection
EndGlobal
